
Microsoft Visual Studio Solution File, Format Version 12.00
# Visual Studio Version 16
VisualStudioVersion = 16.0.33214.272
MinimumVisualStudioVersion = 10.0.40219.1
Project("{F184B08F-C81C-45F6-A57F-5ABD9991F28F}") = "onlinebank", "onlinebank\onlinebank.vbproj", "{D6B1DFCD-FB64-4319-9C31-F599159395F9}"
EndProject
Global
	GlobalSection(SolutionConfigurationPlatforms) = preSolution
		Debug|Any CPU = Debug|Any CPU
		Release|Any CPU = Release|Any CPU
	EndGlobalSection
	GlobalSection(ProjectConfigurationPlatforms) = postSolution
		{D6B1DFCD-FB64-4319-9C31-F599159395F9}.Debug|Any CPU.ActiveCfg = Debug|Any CPU
		{D6B1DFCD-FB64-4319-9C31-F599159395F9}.Debug|Any CPU.Build.0 = Debug|Any CPU
		{D6B1DFCD-FB64-4319-9C31-F599159395F9}.Release|Any CPU.ActiveCfg = Release|Any CPU
		{D6B1DFCD-FB64-4319-9C31-F599159395F9}.Release|Any CPU.Build.0 = Release|Any CPU
	EndGlobalSection
	GlobalSection(SolutionProperties) = preSolution
		HideSolutionNode = FALSE
	EndGlobalSection
	GlobalSection(ExtensibilityGlobals) = postSolution
		SolutionGuid = {F4360EF6-7521-411F-BA30-ACAB18137080}
	EndGlobalSection
EndGlobal
